
Microsoft Visual Studio Solution File, Format Version 12.00
Project("{FAE04EC0-301F-11D3-BF4B-00C04F79EFBC}") = "HexConverter", "src\HexConverter\HexConverter.csproj", "{2D002EFF-5E63-4692-8415-361811D136D6}"
EndProject
Project("{2150E333-8FDC-42A3-9474-1A3956D46DE8}") = "src", "src", "{5A2D58B6-1B7D-4289-8795-16F7FE724528}"
EndProject
Project("{2150E333-8FDC-42A3-9474-1A3956D46DE8}") = "tests", "tests", "{617B5E46-ABD6-4162-95BA-E79B98F9CA15}"
EndProject
Project("{FAE04EC0-301F-11D3-BF4B-00C04F79EFBC}") = "HexConverter.UnitTests", "tests\HexConverter.UnitTests\HexConverter.UnitTests.csproj", "{15083F45-B7C7-42A5-80C4-378BC360C079}"
EndProject
Project("{2150E333-8FDC-42A3-9474-1A3956D46DE8}") = "perf", "perf", "{33ED763A-23C1-4413-93CD-F3E1C9BC3FF0}"
EndProject
Project("{FAE04EC0-301F-11D3-BF4B-00C04F79EFBC}") = "HexConverter.Benchmarks", "perf\HexConverter.Benchmarks\HexConverter.Benchmarks.csproj", "{7D7E83B3-ADE3-46CA-90F0-92B44357D44C}"
EndProject
Global
	GlobalSection(SolutionConfigurationPlatforms) = preSolution
		Debug|Any CPU = Debug|Any CPU
		Release|Any CPU = Release|Any CPU
	EndGlobalSection
	GlobalSection(ProjectConfigurationPlatforms) = postSolution
		{2D002EFF-5E63-4692-8415-361811D136D6}.Debug|Any CPU.ActiveCfg = Debug|Any CPU
		{2D002EFF-5E63-4692-8415-361811D136D6}.Debug|Any CPU.Build.0 = Debug|Any CPU
		{2D002EFF-5E63-4692-8415-361811D136D6}.Release|Any CPU.ActiveCfg = Release|Any CPU
		{2D002EFF-5E63-4692-8415-361811D136D6}.Release|Any CPU.Build.0 = Release|Any CPU
		{15083F45-B7C7-42A5-80C4-378BC360C079}.Debug|Any CPU.ActiveCfg = Debug|Any CPU
		{15083F45-B7C7-42A5-80C4-378BC360C079}.Debug|Any CPU.Build.0 = Debug|Any CPU
		{15083F45-B7C7-42A5-80C4-378BC360C079}.Release|Any CPU.ActiveCfg = Release|Any CPU
		{15083F45-B7C7-42A5-80C4-378BC360C079}.Release|Any CPU.Build.0 = Release|Any CPU
		{7D7E83B3-ADE3-46CA-90F0-92B44357D44C}.Debug|Any CPU.ActiveCfg = Debug|Any CPU
		{7D7E83B3-ADE3-46CA-90F0-92B44357D44C}.Debug|Any CPU.Build.0 = Debug|Any CPU
		{7D7E83B3-ADE3-46CA-90F0-92B44357D44C}.Release|Any CPU.ActiveCfg = Release|Any CPU
		{7D7E83B3-ADE3-46CA-90F0-92B44357D44C}.Release|Any CPU.Build.0 = Release|Any CPU
	EndGlobalSection
	GlobalSection(NestedProjects) = preSolution
		{2D002EFF-5E63-4692-8415-361811D136D6} = {5A2D58B6-1B7D-4289-8795-16F7FE724528}
		{15083F45-B7C7-42A5-80C4-378BC360C079} = {617B5E46-ABD6-4162-95BA-E79B98F9CA15}
		{7D7E83B3-ADE3-46CA-90F0-92B44357D44C} = {33ED763A-23C1-4413-93CD-F3E1C9BC3FF0}
	EndGlobalSection
EndGlobal
